
Microsoft Visual Studio Solution File, Format Version 12.00
# Visual Studio Version 16
VisualStudioVersion = 16.0.30523.141
MinimumVisualStudioVersion = 10.0.40219.1
Project("{8BC9CEB8-8B4A-11D0-8D11-00A0C91BC942}") = "9.2b", "9.2b.vcxproj", "{F1024369-14BC-4FAC-A017-CAD7169C940E}"
EndProject
Global
	GlobalSection(SolutionConfigurationPlatforms) = preSolution
		Debug|x64 = Debug|x64
		Debug|x86 = Debug|x86
		Release|x64 = Release|x64
		Release|x86 = Release|x86
	EndGlobalSection
	GlobalSection(ProjectConfigurationPlatforms) = postSolution
		{F1024369-14BC-4FAC-A017-CAD7169C940E}.Debug|x64.ActiveCfg = Debug|x64
		{F1024369-14BC-4FAC-A017-CAD7169C940E}.Debug|x64.Build.0 = Debug|x64
		{F1024369-14BC-4FAC-A017-CAD7169C940E}.Debug|x86.ActiveCfg = Debug|Win32
		{F1024369-14BC-4FAC-A017-CAD7169C940E}.Debug|x86.Build.0 = Debug|Win32
		{F1024369-14BC-4FAC-A017-CAD7169C940E}.Release|x64.ActiveCfg = Release|x64
		{F1024369-14BC-4FAC-A017-CAD7169C940E}.Release|x64.Build.0 = Release|x64
		{F1024369-14BC-4FAC-A017-CAD7169C940E}.Release|x86.ActiveCfg = Release|Win32
		{F1024369-14BC-4FAC-A017-CAD7169C940E}.Release|x86.Build.0 = Release|Win32
	EndGlobalSection
	GlobalSection(SolutionProperties) = preSolution
		HideSolutionNode = FALSE
	EndGlobalSection
	GlobalSection(ExtensibilityGlobals) = postSolution
		SolutionGuid = {D548D9EA-5F30-4031-A575-FFC6B17B1A53}
	EndGlobalSection
EndGlobal
